
Microsoft Visual Studio Solution File, Format Version 12.00
# Visual Studio Version 17
VisualStudioVersion = 17.1.32210.238
MinimumVisualStudioVersion = 10.0.40219.1
Project("{9A19103F-16F7-4668-BE54-9A1E7A4F7556}") = "MudBlazorMRA", "MudBlazorMRA.csproj", "{277C5D44-18EC-4A46-918E-DC6AC07B73AE}"
EndProject
Global
	GlobalSection(SolutionConfigurationPlatforms) = preSolution
		Debug|Any CPU = Debug|Any CPU
		Release|Any CPU = Release|Any CPU
	EndGlobalSection
	GlobalSection(ProjectConfigurationPlatforms) = postSolution
		{277C5D44-18EC-4A46-918E-DC6AC07B73AE}.Debug|Any CPU.ActiveCfg = Debug|Any CPU
		{277C5D44-18EC-4A46-918E-DC6AC07B73AE}.Debug|Any CPU.Build.0 = Debug|Any CPU
		{277C5D44-18EC-4A46-918E-DC6AC07B73AE}.Release|Any CPU.ActiveCfg = Release|Any CPU
		{277C5D44-18EC-4A46-918E-DC6AC07B73AE}.Release|Any CPU.Build.0 = Release|Any CPU
	EndGlobalSection
	GlobalSection(SolutionProperties) = preSolution
		HideSolutionNode = FALSE
	EndGlobalSection
	GlobalSection(ExtensibilityGlobals) = postSolution
		SolutionGuid = {A675A0E8-5CE7-4AE0-962A-C02BE116DBA1}
	EndGlobalSection
EndGlobal
